
Microsoft Visual Studio Solution File, Format Version 12.00
# Visual Studio Version 17
VisualStudioVersion = 17.7.34031.279
MinimumVisualStudioVersion = 10.0.40219.1
Project("{FAE04EC0-301F-11D3-BF4B-00C04F79EFBC}") = "Odwracanie_ciagu_znakow", "Odwracanie_ciagu_znakow\Odwracanie_ciagu_znakow.csproj", "{A3310FBE-1625-4E60-821A-96EB9EC38166}"
EndProject
Global
	GlobalSection(SolutionConfigurationPlatforms) = preSolution
		Debug|Any CPU = Debug|Any CPU
		Release|Any CPU = Release|Any CPU
	EndGlobalSection
	GlobalSection(ProjectConfigurationPlatforms) = postSolution
		{A3310FBE-1625-4E60-821A-96EB9EC38166}.Debug|Any CPU.ActiveCfg = Debug|Any CPU
		{A3310FBE-1625-4E60-821A-96EB9EC38166}.Debug|Any CPU.Build.0 = Debug|Any CPU
		{A3310FBE-1625-4E60-821A-96EB9EC38166}.Release|Any CPU.ActiveCfg = Release|Any CPU
		{A3310FBE-1625-4E60-821A-96EB9EC38166}.Release|Any CPU.Build.0 = Release|Any CPU
	EndGlobalSection
	GlobalSection(SolutionProperties) = preSolution
		HideSolutionNode = FALSE
	EndGlobalSection
	GlobalSection(ExtensibilityGlobals) = postSolution
		SolutionGuid = {5C9D2245-B72F-4A0B-9018-55F5418E1A5B}
	EndGlobalSection
EndGlobal
