
Microsoft Visual Studio Solution File, Format Version 12.00
# Visual Studio Version 17
VisualStudioVersion = 17.7.34031.279
MinimumVisualStudioVersion = 10.0.40219.1
Project("{FAE04EC0-301F-11D3-BF4B-00C04F79EFBC}") = "Porownywanie_liczb", "Porownywanie_liczb\Porownywanie_liczb.csproj", "{C671D504-F0D1-4550-B7A8-2DC5C027A7BA}"
EndProject
Global
	GlobalSection(SolutionConfigurationPlatforms) = preSolution
		Debug|Any CPU = Debug|Any CPU
		Release|Any CPU = Release|Any CPU
	EndGlobalSection
	GlobalSection(ProjectConfigurationPlatforms) = postSolution
		{C671D504-F0D1-4550-B7A8-2DC5C027A7BA}.Debug|Any CPU.ActiveCfg = Debug|Any CPU
		{C671D504-F0D1-4550-B7A8-2DC5C027A7BA}.Debug|Any CPU.Build.0 = Debug|Any CPU
		{C671D504-F0D1-4550-B7A8-2DC5C027A7BA}.Release|Any CPU.ActiveCfg = Release|Any CPU
		{C671D504-F0D1-4550-B7A8-2DC5C027A7BA}.Release|Any CPU.Build.0 = Release|Any CPU
	EndGlobalSection
	GlobalSection(SolutionProperties) = preSolution
		HideSolutionNode = FALSE
	EndGlobalSection
	GlobalSection(ExtensibilityGlobals) = postSolution
		SolutionGuid = {034D6B8E-EFA7-4F34-8244-4A7F7F406CF2}
	EndGlobalSection
EndGlobal
